
Microsoft Visual Studio Solution File, Format Version 12.00
# Visual Studio Version 17
VisualStudioVersion = 17.9.34701.34
MinimumVisualStudioVersion = 10.0.40219.1
Project("{FAE04EC0-301F-11D3-BF4B-00C04F79EFBC}") = "calculadora_M.Android", "calculadora_M\calculadora_M.Android\calculadora_M.Android.csproj", "{8FB07133-012E-448F-BA73-21A48D73C1E6}"
EndProject
Project("{FAE04EC0-301F-11D3-BF4B-00C04F79EFBC}") = "calculadora_M", "calculadora_M\calculadora_M\calculadora_M.csproj", "{4514488F-0D19-42EB-9315-A750235AE6A2}"
EndProject
Global
	GlobalSection(SolutionConfigurationPlatforms) = preSolution
		Debug|Any CPU = Debug|Any CPU
		Release|Any CPU = Release|Any CPU
	EndGlobalSection
	GlobalSection(ProjectConfigurationPlatforms) = postSolution
		{8FB07133-012E-448F-BA73-21A48D73C1E6}.Debug|Any CPU.ActiveCfg = Debug|Any CPU
		{8FB07133-012E-448F-BA73-21A48D73C1E6}.Debug|Any CPU.Build.0 = Debug|Any CPU
		{8FB07133-012E-448F-BA73-21A48D73C1E6}.Debug|Any CPU.Deploy.0 = Debug|Any CPU
		{8FB07133-012E-448F-BA73-21A48D73C1E6}.Release|Any CPU.ActiveCfg = Release|Any CPU
		{8FB07133-012E-448F-BA73-21A48D73C1E6}.Release|Any CPU.Build.0 = Release|Any CPU
		{8FB07133-012E-448F-BA73-21A48D73C1E6}.Release|Any CPU.Deploy.0 = Release|Any CPU
		{4514488F-0D19-42EB-9315-A750235AE6A2}.Debug|Any CPU.ActiveCfg = Debug|Any CPU
		{4514488F-0D19-42EB-9315-A750235AE6A2}.Debug|Any CPU.Build.0 = Debug|Any CPU
		{4514488F-0D19-42EB-9315-A750235AE6A2}.Debug|Any CPU.Deploy.0 = Debug|Any CPU
		{4514488F-0D19-42EB-9315-A750235AE6A2}.Release|Any CPU.ActiveCfg = Release|Any CPU
		{4514488F-0D19-42EB-9315-A750235AE6A2}.Release|Any CPU.Build.0 = Release|Any CPU
		{4514488F-0D19-42EB-9315-A750235AE6A2}.Release|Any CPU.Deploy.0 = Release|Any CPU
	EndGlobalSection
	GlobalSection(SolutionProperties) = preSolution
		HideSolutionNode = FALSE
	EndGlobalSection
	GlobalSection(ExtensibilityGlobals) = postSolution
		SolutionGuid = {A7F0DBB0-B69B-4996-8D4F-D00E5E18BD70}
	EndGlobalSection
EndGlobal
